Microsoft Visual Studio Solution File, Format Version 12.00
# Visual Studio Version 17
VisualStudioVersion = 17.13.35828.75
MinimumVisualStudioVersion = 10.0.40219.1
Project("{8BC9CEB8-8B4A-11D0-8D11-00A0C91BC942}") = "rayLibHello", "rayLibHello\rayLibHello.vcxproj", "{9469F822-A946-4953-B9AE-7F9044D2BF68}"
EndProject
Global
	GlobalSection(SolutionConfigurationPlatforms) = preSolution
		Debug|x64 = Debug|x64
		Debug|x86 = Debug|x86
		Release|x64 = Release|x64
		Release|x86 = Release|x86
	EndGlobalSection
	GlobalSection(ProjectConfigurationPlatforms) = postSolution
		{9469F822-A946-4953-B9AE-7F9044D2BF68}.Debug|x64.ActiveCfg = Debug|x64
		{9469F822-A946-4953-B9AE-7F9044D2BF68}.Debug|x64.Build.0 = Debug|x64
		{9469F822-A946-4953-B9AE-7F9044D2BF68}.Debug|x86.ActiveCfg = Debug|Win32
		{9469F822-A946-4953-B9AE-7F9044D2BF68}.Debug|x86.Build.0 = Debug|Win32
		{9469F822-A946-4953-B9AE-7F9044D2BF68}.Release|x64.ActiveCfg = Release|x64
		{9469F822-A946-4953-B9AE-7F9044D2BF68}.Release|x64.Build.0 = Release|x64
		{9469F822-A946-4953-B9AE-7F9044D2BF68}.Release|x86.ActiveCfg = Release|Win32
		{9469F822-A946-4953-B9AE-7F9044D2BF68}.Release|x86.Build.0 = Release|Win32
	EndGlobalSection
	GlobalSection(SolutionProperties) = preSolution
		HideSolutionNode = FALSE
	EndGlobalSection
	GlobalSection(ExtensibilityGlobals) = postSolution
		SolutionGuid = {4937516D-0DAE-4CE6-9A65-F974BB0D98EA}
	EndGlobalSection
EndGlobal
